
Microsoft Visual Studio Solution File, Format Version 12.00
# Visual Studio Version 16
VisualStudioVersion = 16.0.30406.217
MinimumVisualStudioVersion = 10.0.40219.1
Project("{FAE04EC0-301F-11D3-BF4B-00C04F79EFBC}") = "i2cComPort", "i2cComPort.csproj", "{598628CB-FCAD-41B0-A15B-6C919C42CBF7}"
EndProject
Global
	GlobalSection(SolutionConfigurationPlatforms) = preSolution
		Debug|Any CPU = Debug|Any CPU
		Release|Any CPU = Release|Any CPU
	EndGlobalSection
	GlobalSection(ProjectConfigurationPlatforms) = postSolution
		{598628CB-FCAD-41B0-A15B-6C919C42CBF7}.Debug|Any CPU.ActiveCfg = Debug|Any CPU
		{598628CB-FCAD-41B0-A15B-6C919C42CBF7}.Debug|Any CPU.Build.0 = Debug|Any CPU
		{598628CB-FCAD-41B0-A15B-6C919C42CBF7}.Release|Any CPU.ActiveCfg = Release|Any CPU
		{598628CB-FCAD-41B0-A15B-6C919C42CBF7}.Release|Any CPU.Build.0 = Release|Any CPU
	EndGlobalSection
	GlobalSection(SolutionProperties) = preSolution
		HideSolutionNode = FALSE
	EndGlobalSection
	GlobalSection(ExtensibilityGlobals) = postSolution
		SolutionGuid = {D7C0C323-504E-40DB-B97D-A37C5905B8A1}
	EndGlobalSection
EndGlobal
